
Microsoft Visual Studio Solution File, Format Version 12.00
# Visual Studio Version 17
VisualStudioVersion = 17.7.34221.43
MinimumVisualStudioVersion = 10.0.40219.1
Project("{8BC9CEB8-8B4A-11D0-8D11-00A0C91BC942}") = "KernelCheat", "KernelCheat\KernelCheat.vcxproj", "{5D1E8F30-9670-4AA9-9155-6F80C8A39FCA}"
EndProject
Project("{8BC9CEB8-8B4A-11D0-8D11-00A0C91BC942}") = "UserModeCheat", "UserModeCheat\UserModeCheat.vcxproj", "{374AA16B-FD81-423E-BF4D-1489FB91810C}"
EndProject
Global
	GlobalSection(SolutionConfigurationPlatforms) = preSolution
		Debug|ARM64 = Debug|ARM64
		Debug|x64 = Debug|x64
		Debug|x86 = Debug|x86
		Release|ARM64 = Release|ARM64
		Release|x64 = Release|x64
		Release|x86 = Release|x86
	EndGlobalSection
	GlobalSection(ProjectConfigurationPlatforms) = postSolution
		{5D1E8F30-9670-4AA9-9155-6F80C8A39FCA}.Debug|ARM64.ActiveCfg = Debug|ARM64
		{5D1E8F30-9670-4AA9-9155-6F80C8A39FCA}.Debug|ARM64.Build.0 = Debug|ARM64
		{5D1E8F30-9670-4AA9-9155-6F80C8A39FCA}.Debug|ARM64.Deploy.0 = Debug|ARM64
		{5D1E8F30-9670-4AA9-9155-6F80C8A39FCA}.Debug|x64.ActiveCfg = Debug|x64
		{5D1E8F30-9670-4AA9-9155-6F80C8A39FCA}.Debug|x64.Build.0 = Debug|x64
		{5D1E8F30-9670-4AA9-9155-6F80C8A39FCA}.Debug|x64.Deploy.0 = Debug|x64
		{5D1E8F30-9670-4AA9-9155-6F80C8A39FCA}.Debug|x86.ActiveCfg = Debug|x64
		{5D1E8F30-9670-4AA9-9155-6F80C8A39FCA}.Debug|x86.Build.0 = Debug|x64
		{5D1E8F30-9670-4AA9-9155-6F80C8A39FCA}.Debug|x86.Deploy.0 = Debug|x64
		{5D1E8F30-9670-4AA9-9155-6F80C8A39FCA}.Release|ARM64.ActiveCfg = Release|ARM64
		{5D1E8F30-9670-4AA9-9155-6F80C8A39FCA}.Release|ARM64.Build.0 = Release|ARM64
		{5D1E8F30-9670-4AA9-9155-6F80C8A39FCA}.Release|ARM64.Deploy.0 = Release|ARM64
		{5D1E8F30-9670-4AA9-9155-6F80C8A39FCA}.Release|x64.ActiveCfg = Release|x64
		{5D1E8F30-9670-4AA9-9155-6F80C8A39FCA}.Release|x64.Build.0 = Release|x64
		{5D1E8F30-9670-4AA9-9155-6F80C8A39FCA}.Release|x64.Deploy.0 = Release|x64
		{5D1E8F30-9670-4AA9-9155-6F80C8A39FCA}.Release|x86.ActiveCfg = Release|x64
		{5D1E8F30-9670-4AA9-9155-6F80C8A39FCA}.Release|x86.Build.0 = Release|x64
		{5D1E8F30-9670-4AA9-9155-6F80C8A39FCA}.Release|x86.Deploy.0 = Release|x64
		{374AA16B-FD81-423E-BF4D-1489FB91810C}.Debug|ARM64.ActiveCfg = Debug|x64
		{374AA16B-FD81-423E-BF4D-1489FB91810C}.Debug|ARM64.Build.0 = Debug|x64
		{374AA16B-FD81-423E-BF4D-1489FB91810C}.Debug|x64.ActiveCfg = Debug|x64
		{374AA16B-FD81-423E-BF4D-1489FB91810C}.Debug|x64.Build.0 = Debug|x64
		{374AA16B-FD81-423E-BF4D-1489FB91810C}.Debug|x86.ActiveCfg = Debug|Win32
		{374AA16B-FD81-423E-BF4D-1489FB91810C}.Debug|x86.Build.0 = Debug|Win32
		{374AA16B-FD81-423E-BF4D-1489FB91810C}.Release|ARM64.ActiveCfg = Release|x64
		{374AA16B-FD81-423E-BF4D-1489FB91810C}.Release|ARM64.Build.0 = Release|x64
		{374AA16B-FD81-423E-BF4D-1489FB91810C}.Release|x64.ActiveCfg = Release|x64
		{374AA16B-FD81-423E-BF4D-1489FB91810C}.Release|x64.Build.0 = Release|x64
		{374AA16B-FD81-423E-BF4D-1489FB91810C}.Release|x86.ActiveCfg = Release|Win32
		{374AA16B-FD81-423E-BF4D-1489FB91810C}.Release|x86.Build.0 = Release|Win32
	EndGlobalSection
	GlobalSection(SolutionProperties) = preSolution
		HideSolutionNode = FALSE
	EndGlobalSection
	GlobalSection(ExtensibilityGlobals) = postSolution
		SolutionGuid = {98CF9A96-7F45-41F2-B799-6C0039205463}
	EndGlobalSection
EndGlobal
